// !$*UTF8*$!
{
	archiveVersion = 1;
	classes = {
	};
	objectVersion = 50;
	objects = {

/* Begin PBXBuildFile section */
		74BBB941683449EC3B2B9708 /* Pods_Transition_Animations.framework in Frameworks */ = {isa = PBXBuildFile; fileRef = 350BBFD4AE78274DA91A1166 /* Pods_Transition_Animations.framework */; };
		E6105BA222271857004F1452 /* FirstVC.swift in Sources */ = {isa = PBXBuildFile; fileRef = E6105BA122271857004F1452 /* FirstVC.swift */; };
		E6105BA422271860004F1452 /* SecondVC.swift in Sources */ = {isa = PBXBuildFile; fileRef = E6105BA322271860004F1452 /* SecondVC.swift */; };
		E6105BA622271874004F1452 /* MenuCell.swift in Sources */ = {isa = PBXBuildFile; fileRef = E6105BA522271874004F1452 /* MenuCell.swift */; };
		E6105BA822271881004F1452 /* Menu.swift in Sources */ = {isa = PBXBuildFile; fileRef = E6105BA722271881004F1452 /* Menu.swift */; };
		E6105BAA2227188A004F1452 /* DataServices.swift in Sources */ = {isa = PBXBuildFile; fileRef = E6105BA92227188A004F1452 /* DataServices.swift */; };
		E6BE8EFE2225E9E30080F6E7 /* AppDelegate.swift in Sources */ = {isa = PBXBuildFile; fileRef = E6BE8EFD2225E9E30080F6E7 /* AppDelegate.swift */; };
		E6BE8F032225E9E30080F6E7 /* Main.storyboard in Resources */ = {isa = PBXBuildFile; fileRef = E6BE8F012225E9E30080F6E7 /* Main.storyboard */; };
		E6BE8F052225E9E40080F6E7 /* Assets.xcassets in Resources */ = {isa = PBXBuildFile; fileRef = E6BE8F042225E9E40080F6E7 /* Assets.xcassets */; };
		E6BE8F082225E9E40080F6E7 /* LaunchScreen.storyboard in Resources */ = {isa = PBXBuildFile; fileRef = E6BE8F062225E9E40080F6E7 /* LaunchScreen.storyboard */; };
		E6FF71FC2227234C00138355 /* ThirdVC.swift in Sources */ = {isa = PBXBuildFile; fileRef = E6FF71FB2227234C00138355 /* ThirdVC.swift */; };
/* End PBXBuildFile section */

/* Begin PBXFileReference section */
		1BA1EF7A5708AE4D2A8436FA /* Pods-Transition Animations.debug.xcconfig */ = {isa = PBXFileReference; includeInIndex = 1; lastKnownFileType = text.xcconfig; name = "Pods-Transition Animations.debug.xcconfig"; path = "Target Support Files/Pods-Transition Animations/Pods-Transition Animations.debug.xcconfig"; sourceTree = "<group>"; };
		350BBFD4AE78274DA91A1166 /* Pods_Transition_Animations.framework */ = {isa = PBXFileReference; explicitFileType = wrapper.framework; includeInIndex = 0; path = Pods_Transition_Animations.framework; sourceTree = BUILT_PRODUCTS_DIR; };
		484B2072975FCCC93902AAC0 /* Pods-Transition Animations.release.xcconfig */ = {isa = PBXFileReference; includeInIndex = 1; lastKnownFileType = text.xcconfig; name = "Pods-Transition Animations.release.xcconfig"; path = "Target Support Files/Pods-Transition Animations/Pods-Transition Animations.release.xcconfig"; sourceTree = "<group>"; };
		E6105BA122271857004F1452 /* FirstVC.swift */ = {isa = PBXFileReference; lastKnownFileType = sourcecode.swift; path = FirstVC.swift; sourceTree = "<group>"; };
		E6105BA322271860004F1452 /* SecondVC.swift */ = {isa = PBXFileReference; lastKnownFileType = sourcecode.swift; path = SecondVC.swift; sourceTree = "<group>"; };
		E6105BA522271874004F1452 /* MenuCell.swift */ = {isa = PBXFileReference; lastKnownFileType = sourcecode.swift; path = MenuCell.swift; sourceTree = "<group>"; };
		E6105BA722271881004F1452 /* Menu.swift */ = {isa = PBXFileReference; lastKnownFileType = sourcecode.swift; path = Menu.swift; sourceTree = "<group>"; };
		E6105BA92227188A004F1452 /* DataServices.swift */ = {isa = PBXFileReference; lastKnownFileType = sourcecode.swift; path = DataServices.swift; sourceTree = "<group>"; };
		E6BE8EFA2225E9E30080F6E7 /* Transition Animations.app */ = {isa = PBXFileReference; explicitFileType = wrapper.application; includeInIndex = 0; path = "Transition Animations.app"; sourceTree = BUILT_PRODUCTS_DIR; };
		E6BE8EFD2225E9E30080F6E7 /* AppDelegate.swift */ = {isa = PBXFileReference; lastKnownFileType = sourcecode.swift; path = AppDelegate.swift; sourceTree = "<group>"; };
		E6BE8F022225E9E30080F6E7 /* Base */ = {isa = PBXFileReference; lastKnownFileType = file.storyboard; name = Base; path = Base.lproj/Main.storyboard; sourceTree = "<group>"; };
		E6BE8F042225E9E40080F6E7 /* Assets.xcassets */ = {isa = PBXFileReference; lastKnownFileType = folder.assetcatalog; path = Assets.xcassets; sourceTree = "<group>"; };
		E6BE8F072225E9E40080F6E7 /* Base */ = {isa = PBXFileReference; lastKnownFileType = file.storyboard; name = Base; path = Base.lproj/LaunchScreen.storyboard; sourceTree = "<group>"; };
		E6BE8F092225E9E40080F6E7 /* Info.plist */ = {isa = PBXFileReference; lastKnownFileType = text.plist.xml; path = Info.plist; sourceTree = "<group>"; };
		E6FF71FB2227234C00138355 /* ThirdVC.swift */ = {isa = PBXFileReference; lastKnownFileType = sourcecode.swift; path = ThirdVC.swift; sourceTree = "<group>"; };
/* End PBXFileReference section */

/* Begin PBXFrameworksBuildPhase section */
		E6BE8EF72225E9E30080F6E7 /* Frameworks */ = {
			isa = PBXFrameworksBuildPhase;
			buildActionMask = 2147483647;
			files = (
				74BBB941683449EC3B2B9708 /* Pods_Transition_Animations.framework in Frameworks */,
			);
			runOnlyForDeploymentPostprocessing = 0;
		};
/* End PBXFrameworksBuildPhase section */

/* Begin PBXGroup section */
		4A428CD49AFBF4A0D6662F88 /* Frameworks */ = {
			isa = PBXGroup;
			children = (
				350BBFD4AE78274DA91A1166 /* Pods_Transition_Animations.framework */,
			);
			name = Frameworks;
			sourceTree = "<group>";
		};
		9E2FA26C45E6A18EE4BAA0FC /* Pods */ = {
			isa = PBXGroup;
			children = (
				1BA1EF7A5708AE4D2A8436FA /* Pods-Transition Animations.debug.xcconfig */,
				484B2072975FCCC93902AAC0 /* Pods-Transition Animations.release.xcconfig */,
			);
			path = Pods;
			sourceTree = "<group>";
		};
		E6105B9D2227183B004F1452 /* Controller */ = {
			isa = PBXGroup;
			children = (
				E6105BA122271857004F1452 /* FirstVC.swift */,
				E6105BA322271860004F1452 /* SecondVC.swift */,
				E6FF71FB2227234C00138355 /* ThirdVC.swift */,
			);
			path = Controller;
			sourceTree = "<group>";
		};
		E6105B9E22271842004F1452 /* View */ = {
			isa = PBXGroup;
			children = (
				E6105BA522271874004F1452 /* MenuCell.swift */,
			);
			path = View;
			sourceTree = "<group>";
		};
		E6105B9F22271846004F1452 /* Model */ = {
			isa = PBXGroup;
			children = (
				E6105BA722271881004F1452 /* Menu.swift */,
			);
			path = Model;
			sourceTree = "<group>";
		};
		E6105BA02227184A004F1452 /* Services */ = {
			isa = PBXGroup;
			children = (
				E6105BA92227188A004F1452 /* DataServices.swift */,
			);
			path = Services;
			sourceTree = "<group>";
		};
		E6BE8EF12225E9E20080F6E7 = {
			isa = PBXGroup;
			children = (
				E6BE8EFC2225E9E30080F6E7 /* Transition Animations */,
				E6BE8EFB2225E9E30080F6E7 /* Products */,
				9E2FA26C45E6A18EE4BAA0FC /* Pods */,
				4A428CD49AFBF4A0D6662F88 /* Frameworks */,
			);
			sourceTree = "<group>";
		};
		E6BE8EFB2225E9E30080F6E7 /* Products */ = {
			isa = PBXGroup;
			children = (
				E6BE8EFA2225E9E30080F6E7 /* Transition Animations.app */,
			);
			name = Products;
			sourceTree = "<group>";
		};
		E6BE8EFC2225E9E30080F6E7 /* Transition Animations */ = {
			isa = PBXGroup;
			children = (
				E6105BA02227184A004F1452 /* Services */,
				E6105B9F22271846004F1452 /* Model */,
				E6105B9E22271842004F1452 /* View */,
				E6105B9D2227183B004F1452 /* Controller */,
				E6BE8EFD2225E9E30080F6E7 /* AppDelegate.swift */,
				E6BE8F012225E9E30080F6E7 /* Main.storyboard */,
				E6BE8F042225E9E40080F6E7 /* Assets.xcassets */,
				E6BE8F062225E9E40080F6E7 /* LaunchScreen.storyboard */,
				E6BE8F092225E9E40080F6E7 /* Info.plist */,
			);
			path = "Transition Animations";
			sourceTree = "<group>";
		};
/* End PBXGroup section */

/* Begin PBXNativeTarget section */
		E6BE8EF92225E9E30080F6E7 /* Transition Animations */ = {
			isa = PBXNativeTarget;
			buildConfigurationList = E6BE8F0C2225E9E40080F6E7 /* Build configuration list for PBXNativeTarget "Transition Animations" */;
			buildPhases = (
				D3BC29ACDAEF36F2D770131A /* [CP] Check Pods Manifest.lock */,
				E6BE8EF62225E9E30080F6E7 /* Sources */,
				E6BE8EF72225E9E30080F6E7 /* Frameworks */,
				E6BE8EF82225E9E30080F6E7 /* Resources */,
				3CE9B88C278DF154C68A56B9 /* [CP] Embed Pods Frameworks */,
			);
			buildRules = (
			);
			dependencies = (
			);
			name = "Transition Animations";
			productName = "Transition Animations";
			productReference = E6BE8EFA2225E9E30080F6E7 /* Transition Animations.app */;
			productType = "com.apple.product-type.application";
		};
/* End PBXNativeTarget section */

/* Begin PBXProject section */
		E6BE8EF22225E9E20080F6E7 /* Project object */ = {
			isa = PBXProject;
			attributes = {
				LastSwiftUpdateCheck = 1010;
				LastUpgradeCheck = 1010;
				ORGANIZATIONNAME = "Berk Er";
				TargetAttributes = {
					E6BE8EF92225E9E30080F6E7 = {
						CreatedOnToolsVersion = 10.1;
					};
				};
			};
			buildConfigurationList = E6BE8EF52225E9E20080F6E7 /* Build configuration list for PBXProject "Transition Animations" */;
			compatibilityVersion = "Xcode 9.3";
			developmentRegion = en;
			hasScannedForEncodings = 0;
			knownRegions = (
				en,
				Base,
			);
			mainGroup = E6BE8EF12225E9E20080F6E7;
			productRefGroup = E6BE8EFB2225E9E30080F6E7 /* Products */;
			projectDirPath = "";
			projectRoot = "";
			targets = (
				E6BE8EF92225E9E30080F6E7 /* Transition Animations */,
			);
		};
/* End PBXProject section */

/* Begin PBXResourcesBuildPhase section */
		E6BE8EF82225E9E30080F6E7 /* Resources */ = {
			isa = PBXResourcesBuildPhase;
			buildActionMask = 2147483647;
			files = (
				E6BE8F082225E9E40080F6E7 /* LaunchScreen.storyboard in Resources */,
				E6BE8F052225E9E40080F6E7 /* Assets.xcassets in Resources */,
				E6BE8F032225E9E30080F6E7 /* Main.storyboard in Resources */,
			);
			runOnlyForDeploymentPostprocessing = 0;
		};
/* End PBXResourcesBuildPhase section */

/* Begin PBXShellScriptBuildPhase section */
		3CE9B88C278DF154C68A56B9 /* [CP] Embed Pods Frameworks */ = {
			isa = PBXShellScriptBuildPhase;
			buildActionMask = 2147483647;
			files = (
			);
			inputFileListPaths = (
			);
			inputPaths = (
				"${PODS_ROOT}/Target Support Files/Pods-Transition Animations/Pods-Transition Animations-frameworks.sh",
				"${BUILT_PRODUCTS_DIR}/Hero/Hero.framework",
			);
			name = "[CP] Embed Pods Frameworks";
			outputFileListPaths = (
			);
			outputPaths = (
				"${TARGET_BUILD_DIR}/${FRAMEWORKS_FOLDER_PATH}/Hero.framework",
			);
			runOnlyForDeploymentPostprocessing = 0;
			shellPath = /bin/sh;
			shellScript = "\"${PODS_ROOT}/Target Support Files/Pods-Transition Animations/Pods-Transition Animations-frameworks.sh\"\n";
			showEnvVarsInLog = 0;
		};
		D3BC29ACDAEF36F2D770131A /* [CP] Check Pods Manifest.lock */ = {
			isa = PBXShellScriptBuildPhase;
			buildActionMask = 2147483647;
			files = (
			);
			inputFileListPaths = (
			);
			inputPaths = (
				"${PODS_PODFILE_DIR_PATH}/Podfile.lock",
				"${PODS_ROOT}/Manifest.lock",
			);
			name = "[CP] Check Pods Manifest.lock";
			outputFileListPaths = (
			);
			outputPaths = (
				"$(DERIVED_FILE_DIR)/Pods-Transition Animations-checkManifestLockResult.txt",
			);
			runOnlyForDeploymentPostprocessing = 0;
			shellPath = /bin/sh;
			shellScript = "diff \"${PODS_PODFILE_DIR_PATH}/Podfile.lock\" \"${PODS_ROOT}/Manifest.lock\" > /dev/null\nif [ $? != 0 ] ; then\n    # print error to STDERR\n    echo \"error: The sandbox is not in sync with the Podfile.lock. Run 'pod install' or update your CocoaPods installation.\" >&2\n    exit 1\nfi\n# This output is used by Xcode 'outputs' to avoid re-running this script phase.\necho \"SUCCESS\" > \"${SCRIPT_OUTPUT_FILE_0}\"\n";
			showEnvVarsInLog = 0;
		};
/* End PBXShellScriptBuildPhase section */

/* Begin PBXSourcesBuildPhase section */
		E6BE8EF62225E9E30080F6E7 /* Sources */ = {
			isa = PBXSourcesBuildPhase;
			buildActionMask = 2147483647;
			files = (
				E6BE8EFE2225E9E30080F6E7 /* AppDelegate.swift in Sources */,
				E6105BA422271860004F1452 /* SecondVC.swift in Sources */,
				E6105BA622271874004F1452 /* MenuCell.swift in Sources */,
				E6FF71FC2227234C00138355 /* ThirdVC.swift in Sources */,
				E6105BAA2227188A004F1452 /* DataServices.swift in Sources */,
				E6105BA222271857004F1452 /* FirstVC.swift in Sources */,
				E6105BA822271881004F1452 /* Menu.swift in Sources */,
			);
			runOnlyForDeploymentPostprocessing = 0;
		};
/* End PBXSourcesBuildPhase section */

/* Begin PBXVariantGroup section */
		E6BE8F012225E9E30080F6E7 /* Main.storyboard */ = {
			isa = PBXVariantGroup;
			children = (
				E6BE8F022225E9E30080F6E7 /* Base */,
			);
			name = Main.storyboard;
			sourceTree = "<group>";
		};
		E6BE8F062225E9E40080F6E7 /* LaunchScreen.storyboard */ = {
			isa = PBXVariantGroup;
			children = (
				E6BE8F072225E9E40080F6E7 /* Base */,
			);
			name = LaunchScreen.storyboard;
			sourceTree = "<group>";
		};
/* End PBXVariantGroup section */

/* Begin XCBuildConfiguration section */
		E6BE8F0A2225E9E40080F6E7 /* Debug */ = {
			isa = XCBuildConfiguration;
			buildSettings = {
				ALWAYS_SEARCH_USER_PATHS = NO;
				CLANG_ANALYZER_NONNULL = YES;
				CLANG_ANALYZER_NUMBER_OBJECT_CONVERSION = YES_AGGRESSIVE;
				CLANG_CXX_LANGUAGE_STANDARD = "gnu++14";
				CLANG_CXX_LIBRARY = "libc++";
				CLANG_ENABLE_MODULES = YES;
				CLANG_ENABLE_OBJC_ARC = YES;
				CLANG_ENABLE_OBJC_WEAK = YES;
				CLANG_WARN_BLOCK_CAPTURE_AUTORELEASING = YES;
				CLANG_WARN_BOOL_CONVERSION = YES;
				CLANG_WARN_COMMA = YES;
				CLANG_WARN_CONSTANT_CONVERSION = YES;
				CLANG_WARN_DEPRECATED_OBJC_IMPLEMENTATIONS = YES;
				CLANG_WARN_DIRECT_OBJC_ISA_USAGE = YES_ERROR;
				CLANG_WARN_DOCUMENTATION_COMMENTS = YES;
				CLANG_WARN_EMPTY_BODY = YES;
				CLANG_WARN_ENUM_CONVERSION = YES;
				CLANG_WARN_INFINITE_RECURSION = YES;
				CLANG_WARN_INT_CONVERSION = YES;
				CLANG_WARN_NON_LITERAL_NULL_CONVERSION = YES;
				CLANG_WARN_OBJC_IMPLICIT_RETAIN_SELF = YES;
				CLANG_WARN_OBJC_LITERAL_CONVERSION = YES;
				CLANG_WARN_OBJC_ROOT_CLASS = YES_ERROR;
				CLANG_WARN_RANGE_LOOP_ANALYSIS = YES;
				CLANG_WARN_STRICT_PROTOTYPES = YES;
				CLANG_WARN_SUSPICIOUS_MOVE = YES;
				CLANG_WARN_UNGUARDED_AVAILABILITY = YES_AGGRESSIVE;
				CLANG_WARN_UNREACHABLE_CODE = YES;
				CLANG_WARN__DUPLICATE_METHOD_MATCH = YES;
				CODE_SIGN_IDENTITY = "iPhone Developer";
				COPY_PHASE_STRIP = NO;
				DEBUG_INFORMATION_FORMAT = dwarf;
				ENABLE_STRICT_OBJC_MSGSEND = YES;
				ENABLE_TESTABILITY = YES;
				GCC_C_LANGUAGE_STANDARD = gnu11;
				GCC_DYNAMIC_NO_PIC = NO;
				GCC_NO_COMMON_BLOCKS = YES;
				GCC_OPTIMIZATION_LEVEL = 0;
				GCC_PREPROCESSOR_DEFINITIONS = (
					"DEBUG=1",
					"$(inherited)",
				);
				GCC_WARN_64_TO_32_BIT_CONVERSION = YES;
				GCC_WARN_ABOUT_RETURN_TYPE = YES_ERROR;
				GCC_WARN_UNDECLARED_SELECTOR = YES;
				GCC_WARN_UNINITIALIZED_AUTOS = YES_AGGRESSIVE;
				GCC_WARN_UNUSED_FUNCTION = YES;
				GCC_WARN_UNUSED_VARIABLE = YES;
				IPHONEOS_DEPLOYMENT_TARGET = 12.1;
				MTL_ENABLE_DEBUG_INFO = INCLUDE_SOURCE;
				MTL_FAST_MATH = YES;
				ONLY_ACTIVE_ARCH = YES;
				SDKROOT = iphoneos;
				SWIFT_ACTIVE_COMPILATION_CONDITIONS = DEBUG;
				SWIFT_OPTIMIZATION_LEVEL = "-Onone";
			};
			name = Debug;
		};
		E6BE8F0B2225E9E40080F6E7 /* Release */ = {
			isa = XCBuildConfiguration;
			buildSettings = {
				ALWAYS_SEARCH_USER_PATHS = NO;
				CLANG_ANALYZER_NONNULL = YES;
				CLANG_ANALYZER_NUMBER_OBJECT_CONVERSION = YES_AGGRESSIVE;
				CLANG_CXX_LANGUAGE_STANDARD = "gnu++14";
				CLANG_CXX_LIBRARY = "libc++";
				CLANG_ENABLE_MODULES = YES;
				CLANG_ENABLE_OBJC_ARC = YES;
				CLANG_ENABLE_OBJC_WEAK = YES;
				CLANG_WARN_BLOCK_CAPTURE_AUTORELEASING = YES;
				CLANG_WARN_BOOL_CONVERSION = YES;
				CLANG_WARN_COMMA = YES;
				CLANG_WARN_CONSTANT_CONVERSION = YES;
				CLANG_WARN_DEPRECATED_OBJC_IMPLEMENTATIONS = YES;
				CLANG_WARN_DIRECT_OBJC_ISA_USAGE = YES_ERROR;
				CLANG_WARN_DOCUMENTATION_COMMENTS = YES;
				CLANG_WARN_EMPTY_BODY = YES;
				CLANG_WARN_ENUM_CONVERSION = YES;
				CLANG_WARN_INFINITE_RECURSION = YES;
				CLANG_WARN_INT_CONVERSION = YES;
				CLANG_WARN_NON_LITERAL_NULL_CONVERSION = YES;
				CLANG_WARN_OBJC_IMPLICIT_RETAIN_SELF = YES;
				CLANG_WARN_OBJC_LITERAL_CONVERSION = YES;
				CLANG_WARN_OBJC_ROOT_CLASS = YES_ERROR;
				CLANG_WARN_RANGE_LOOP_ANALYSIS = YES;
				CLANG_WARN_STRICT_PROTOTYPES = YES;
				CLANG_WARN_SUSPICIOUS_MOVE = YES;
				CLANG_WARN_UNGUARDED_AVAILABILITY = YES_AGGRESSIVE;
				CLANG_WARN_UNREACHABLE_CODE = YES;
				CLANG_WARN__DUPLICATE_METHOD_MATCH = YES;
				CODE_SIGN_IDENTITY = "iPhone Developer";
				COPY_PHASE_STRIP = NO;
				DEBUG_INFORMATION_FORMAT = "dwarf-with-dsym";
				ENABLE_NS_ASSERTIONS = NO;
				ENABLE_STRICT_OBJC_MSGSEND = YES;
				GCC_C_LANGUAGE_STANDARD = gnu11;
				GCC_NO_COMMON_BLOCKS = YES;
				GCC_WARN_64_TO_32_BIT_CONVERSION = YES;
				GCC_WARN_ABOUT_RETURN_TYPE = YES_ERROR;
				GCC_WARN_UNDECLARED_SELECTOR = YES;
				GCC_WARN_UNINITIALIZED_AUTOS = YES_AGGRESSIVE;
				GCC_WARN_UNUSED_FUNCTION = YES;
				GCC_WARN_UNUSED_VARIABLE = YES;
				IPHONEOS_DEPLOYMENT_TARGET = 12.1;
				MTL_ENABLE_DEBUG_INFO = NO;
				MTL_FAST_MATH = YES;
				SDKROOT = iphoneos;
				SWIFT_COMPILATION_MODE = wholemodule;
				SWIFT_OPTIMIZATION_LEVEL = "-O";
				VALIDATE_PRODUCT = YES;
			};
			name = Release;
		};
		E6BE8F0D2225E9E40080F6E7 /* Debug */ = {
			isa = XCBuildConfiguration;
			baseConfigurationReference = 1BA1EF7A5708AE4D2A8436FA /* Pods-Transition Animations.debug.xcconfig */;
			buildSettings = {
				ASSETCATALOG_COMPILER_APPICON_NAME = AppIcon;
				CODE_SIGN_STYLE = Automatic;
				DEVELOPMENT_TEAM = 3V3LCQWAZ4;
				INFOPLIST_FILE = "Transition Animations/Info.plist";
				LD_RUNPATH_SEARCH_PATHS = (
					"$(inherited)",
					"@executable_path/Frameworks",
				);
				PRODUCT_BUNDLE_IDENTIFIER = "com.berkerr.Transition-Animations";
				PRODUCT_NAME = "$(TARGET_NAME)";
				SWIFT_VERSION = 4.2;
				TARGETED_DEVICE_FAMILY = "1,2";
			};
			name = Debug;
		};
		E6BE8F0E2225E9E40080F6E7 /* Release */ = {
			isa = XCBuildConfiguration;
			baseConfigurationReference = 484B2072975FCCC93902AAC0 /* Pods-Transition Animations.release.xcconfig */;
			buildSettings = {
				ASSETCATALOG_COMPILER_APPICON_NAME = AppIcon;
				CODE_SIGN_STYLE = Automatic;
				DEVELOPMENT_TEAM = 3V3LCQWAZ4;
				INFOPLIST_FILE = "Transition Animations/Info.plist";
				LD_RUNPATH_SEARCH_PATHS = (
					"$(inherited)",
					"@executable_path/Frameworks",
				);
				PRODUCT_BUNDLE_IDENTIFIER = "com.berkerr.Transition-Animations";
				PRODUCT_NAME = "$(TARGET_NAME)";
				SWIFT_VERSION = 4.2;
				TARGETED_DEVICE_FAMILY = "1,2";
			};
			name = Release;
		};
/* End XCBuildConfiguration section */

/* Begin XCConfigurationList section */
		E6BE8EF52225E9E20080F6E7 /* Build configuration list for PBXProject "Transition Animations" */ = {
			isa = XCConfigurationList;
			buildConfigurations = (
				E6BE8F0A2225E9E40080F6E7 /* Debug */,
				E6BE8F0B2225E9E40080F6E7 /* Release */,
			);
			defaultConfigurationIsVisible = 0;
			defaultConfigurationName = Release;
		};
		E6BE8F0C2225E9E40080F6E7 /* Build configuration list for PBXNativeTarget "Transition Animations" */ = {
			isa = XCConfigurationList;
			buildConfigurations = (
				E6BE8F0D2225E9E40080F6E7 /* Debug */,
				E6BE8F0E2225E9E40080F6E7 /* Release */,
			);
			defaultConfigurationIsVisible = 0;
			defaultConfigurationName = Release;
		};
/* End XCConfigurationList section */
	};
	rootObject = E6BE8EF22225E9E20080F6E7 /* Project object */;
}
